
Microsoft Visual Studio Solution File, Format Version 12.00
# Visual Studio Version 16
VisualStudioVersion = 16.0.33130.400
MinimumVisualStudioVersion = 10.0.40219.1
Project("{FAE04EC0-301F-11D3-BF4B-00C04F79EFBC}") = "Capgemini.EMS.PL", "Capgemini.EMS.PL\Capgemini.EMS.PL.csproj", "{9DB93F2F-835E-49EC-9F0F-FE5DFF2C2D25}"
EndProject
Project("{FAE04EC0-301F-11D3-BF4B-00C04F79EFBC}") = "Clapgemini.EMS.BusinessLayer", "Clapgemini.EMS.BusinessLayer\Clapgemini.EMS.BusinessLayer.csproj", "{3DFDD7A4-5536-46A3-8BDA-020D7CE378C5}"
EndProject
Project("{FAE04EC0-301F-11D3-BF4B-00C04F79EFBC}") = "Capgemini.EMS.DataAccessLayer", "Capgemini.EMS.DataAccessLayer\Capgemini.EMS.DataAccessLayer.csproj", "{D5F746CA-072E-40BA-B1FC-4D4306BD9D1B}"
EndProject
Project("{FAE04EC0-301F-11D3-BF4B-00C04F79EFBC}") = "Capgemini.EMS.Entities", "Capgemini.EMS.Entities\Capgemini.EMS.Entities.csproj", "{E6A08C40-10EE-4419-A9EC-F0500A241490}"
EndProject
Project("{FAE04EC0-301F-11D3-BF4B-00C04F79EFBC}") = "Capgemini.EMS.Exceptions", "Capgemini.EMS.Exceptions\Capgemini.EMS.Exceptions.csproj", "{AD77EFDA-EB71-4305-B8A3-45C8A4557460}"
EndProject
Global
	GlobalSection(SolutionConfigurationPlatforms) = preSolution
		Debug|Any CPU = Debug|Any CPU
		Release|Any CPU = Release|Any CPU
	EndGlobalSection
	GlobalSection(ProjectConfigurationPlatforms) = postSolution
		{9DB93F2F-835E-49EC-9F0F-FE5DFF2C2D25}.Debug|Any CPU.ActiveCfg = Debug|Any CPU
		{9DB93F2F-835E-49EC-9F0F-FE5DFF2C2D25}.Debug|Any CPU.Build.0 = Debug|Any CPU
		{9DB93F2F-835E-49EC-9F0F-FE5DFF2C2D25}.Release|Any CPU.ActiveCfg = Release|Any CPU
		{9DB93F2F-835E-49EC-9F0F-FE5DFF2C2D25}.Release|Any CPU.Build.0 = Release|Any CPU
		{3DFDD7A4-5536-46A3-8BDA-020D7CE378C5}.Debug|Any CPU.ActiveCfg = Debug|Any CPU
		{3DFDD7A4-5536-46A3-8BDA-020D7CE378C5}.Debug|Any CPU.Build.0 = Debug|Any CPU
		{3DFDD7A4-5536-46A3-8BDA-020D7CE378C5}.Release|Any CPU.ActiveCfg = Release|Any CPU
		{3DFDD7A4-5536-46A3-8BDA-020D7CE378C5}.Release|Any CPU.Build.0 = Release|Any CPU
		{D5F746CA-072E-40BA-B1FC-4D4306BD9D1B}.Debug|Any CPU.ActiveCfg = Debug|Any CPU
		{D5F746CA-072E-40BA-B1FC-4D4306BD9D1B}.Debug|Any CPU.Build.0 = Debug|Any CPU
		{D5F746CA-072E-40BA-B1FC-4D4306BD9D1B}.Release|Any CPU.ActiveCfg = Release|Any CPU
		{D5F746CA-072E-40BA-B1FC-4D4306BD9D1B}.Release|Any CPU.Build.0 = Release|Any CPU
		{E6A08C40-10EE-4419-A9EC-F0500A241490}.Debug|Any CPU.ActiveCfg = Debug|Any CPU
		{E6A08C40-10EE-4419-A9EC-F0500A241490}.Debug|Any CPU.Build.0 = Debug|Any CPU
		{E6A08C40-10EE-4419-A9EC-F0500A241490}.Release|Any CPU.ActiveCfg = Release|Any CPU
		{E6A08C40-10EE-4419-A9EC-F0500A241490}.Release|Any CPU.Build.0 = Release|Any CPU
		{AD77EFDA-EB71-4305-B8A3-45C8A4557460}.Debug|Any CPU.ActiveCfg = Debug|Any CPU
		{AD77EFDA-EB71-4305-B8A3-45C8A4557460}.Debug|Any CPU.Build.0 = Debug|Any CPU
		{AD77EFDA-EB71-4305-B8A3-45C8A4557460}.Release|Any CPU.ActiveCfg = Release|Any CPU
		{AD77EFDA-EB71-4305-B8A3-45C8A4557460}.Release|Any CPU.Build.0 = Release|Any CPU
	EndGlobalSection
	GlobalSection(SolutionProperties) = preSolution
		HideSolutionNode = FALSE
	EndGlobalSection
	GlobalSection(ExtensibilityGlobals) = postSolution
		SolutionGuid = {221BCB0D-3DF1-4F4D-B755-801AE3118407}
	EndGlobalSection
EndGlobal
